
Microsoft Visual Studio Solution File, Format Version 12.00
# Visual Studio Version 17
VisualStudioVersion = 17.10.35122.118
MinimumVisualStudioVersion = 10.0.40219.1
Project("{FAE04EC0-301F-11D3-BF4B-00C04F79EFBC}") = "TeaPost", "TeaPost.csproj", "{A4B1EC8F-4830-4FFE-B203-97C67CFBF392}"
EndProject
Global
	GlobalSection(SolutionConfigurationPlatforms) = preSolution
		Debug|Any CPU = Debug|Any CPU
		Release|Any CPU = Release|Any CPU
	EndGlobalSection
	GlobalSection(ProjectConfigurationPlatforms) = postSolution
		{A4B1EC8F-4830-4FFE-B203-97C67CFBF392}.Debug|Any CPU.ActiveCfg = Debug|Any CPU
		{A4B1EC8F-4830-4FFE-B203-97C67CFBF392}.Debug|Any CPU.Build.0 = Debug|Any CPU
		{A4B1EC8F-4830-4FFE-B203-97C67CFBF392}.Release|Any CPU.ActiveCfg = Release|Any CPU
		{A4B1EC8F-4830-4FFE-B203-97C67CFBF392}.Release|Any CPU.Build.0 = Release|Any CPU
	EndGlobalSection
	GlobalSection(SolutionProperties) = preSolution
		HideSolutionNode = FALSE
	EndGlobalSection
	GlobalSection(ExtensibilityGlobals) = postSolution
		SolutionGuid = {8226D0DF-B865-4237-8F8E-98F6810A540B}
	EndGlobalSection
EndGlobal
